
Microsoft Visual Studio Solution File, Format Version 12.00
# Visual Studio Version 17
VisualStudioVersion = 17.2.32427.441
MinimumVisualStudioVersion = 10.0.40219.1
Project("{FAE04EC0-301F-11D3-BF4B-00C04F79EFBC}") = "BackUpDesktop", "BackUpDesktop.csproj", "{3284CFFD-3F17-4E22-B5AC-8354A26DCD5C}"
EndProject
Global
	GlobalSection(SolutionConfigurationPlatforms) = preSolution
		Debug|Any CPU = Debug|Any CPU
		Release|Any CPU = Release|Any CPU
	EndGlobalSection
	GlobalSection(ProjectConfigurationPlatforms) = postSolution
		{3284CFFD-3F17-4E22-B5AC-8354A26DCD5C}.Debug|Any CPU.ActiveCfg = Debug|Any CPU
		{3284CFFD-3F17-4E22-B5AC-8354A26DCD5C}.Debug|Any CPU.Build.0 = Debug|Any CPU
		{3284CFFD-3F17-4E22-B5AC-8354A26DCD5C}.Release|Any CPU.ActiveCfg = Release|Any CPU
		{3284CFFD-3F17-4E22-B5AC-8354A26DCD5C}.Release|Any CPU.Build.0 = Release|Any CPU
	EndGlobalSection
	GlobalSection(SolutionProperties) = preSolution
		HideSolutionNode = FALSE
	EndGlobalSection
	GlobalSection(ExtensibilityGlobals) = postSolution
		SolutionGuid = {883F124F-506A-478D-82B0-F5E09C26DC67}
	EndGlobalSection
EndGlobal
